
Microsoft Visual Studio Solution File, Format Version 12.00
# Visual Studio Version 17
VisualStudioVersion = 17.2.32616.157
MinimumVisualStudioVersion = 10.0.40219.1
Project("{9A19103F-16F7-4668-BE54-9A1E7A4F7556}") = "PrintborgGH", "PrintborgGH\PrintborgGH.csproj", "{BDDB63B0-8FE0-46A9-9D63-F799E89EC4C3}"
	ProjectSection(ProjectDependencies) = postProject
		{1D3C4934-ABD5-4947-B04C-CEC5CDF842CB} = {1D3C4934-ABD5-4947-B04C-CEC5CDF842CB}
	EndProjectSection
EndProject
Project("{9A19103F-16F7-4668-BE54-9A1E7A4F7556}") = "Printborg", "Printborg\Printborg.csproj", "{1D3C4934-ABD5-4947-B04C-CEC5CDF842CB}"
EndProject
Global
	GlobalSection(SolutionConfigurationPlatforms) = preSolution
		Debug|Any CPU = Debug|Any CPU
		Release|Any CPU = Release|Any CPU
	EndGlobalSection
	GlobalSection(ProjectConfigurationPlatforms) = postSolution
		{BDDB63B0-8FE0-46A9-9D63-F799E89EC4C3}.Debug|Any CPU.ActiveCfg = Debug|Any CPU
		{BDDB63B0-8FE0-46A9-9D63-F799E89EC4C3}.Debug|Any CPU.Build.0 = Debug|Any CPU
		{BDDB63B0-8FE0-46A9-9D63-F799E89EC4C3}.Release|Any CPU.ActiveCfg = Release|Any CPU
		{BDDB63B0-8FE0-46A9-9D63-F799E89EC4C3}.Release|Any CPU.Build.0 = Release|Any CPU
		{1D3C4934-ABD5-4947-B04C-CEC5CDF842CB}.Debug|Any CPU.ActiveCfg = Debug|Any CPU
		{1D3C4934-ABD5-4947-B04C-CEC5CDF842CB}.Debug|Any CPU.Build.0 = Debug|Any CPU
		{1D3C4934-ABD5-4947-B04C-CEC5CDF842CB}.Release|Any CPU.ActiveCfg = Release|Any CPU
		{1D3C4934-ABD5-4947-B04C-CEC5CDF842CB}.Release|Any CPU.Build.0 = Release|Any CPU
	EndGlobalSection
	GlobalSection(SolutionProperties) = preSolution
		HideSolutionNode = FALSE
	EndGlobalSection
	GlobalSection(ExtensibilityGlobals) = postSolution
		SolutionGuid = {D86B4AE6-5322-4245-9770-2D8F5D3312AD}
	EndGlobalSection
EndGlobal
